{
    "_meta": {
        "hash": {
            "sha256": "1cf23b6c262695d9b255844b9dcbd1466670c121ae761aa905d05a041032e711"
        },
        "pipfile-spec": 6,
        "requires": {
            "python_version": "3.7"
        },
        "sources": [
            {
                "name": "pypi",
                "url": "https://pypi.org/simple",
                "verify_ssl": true
            }
        ]
    },
    "default": {
        "ifaddr": {
            "hashes": [
                "sha256:cf2a8fbb578da2844d999a0a453825f660ed2d3fc47dcffc5f673dd8de4f0f8b"
            ],
            "version": "==0.1.4"
        },
        "ipaddress": {
            "hashes": [
                "sha256:64b28eec5e78e7510698f6d4da08800a5c575caa4a286c93d651c5d3ff7b6794",
                "sha256:b146c751ea45cad6188dd6cf2d9b757f6f4f8d6ffb96a023e6f2e26eea02a72c"
            ],
            "version": "==1.0.22"
        },
        "zeroconf": {
            "hashes": [
                "sha256:5b52dfdf4e665d98a17bf9aa50dea7a8c98e25f972d9c1d7660e2b978a1f5713",
                "sha256:f6385ed54f34c74d240ea92d9f4eeae1bf3acd1a111bb292200e2523f8f74e99"
            ],
            "index": "pypi",
            "version": "==0.21.3"
        }
    },
    "develop": {}
}
